{
  "name": "npm-dependencies",
  "version": "1.0.0",
  "lockfileVersion": 1,
  "requires": true,
  "dependencies": {
    "@esm-bundle/rxjs": {
      "version": "6.6.3-fix.0",
      "resolved": "https://registry.npmjs.org/@esm-bundle/rxjs/-/rxjs-6.6.3-fix.0.tgz",
      "integrity": "sha512-HdqdwCESfTSiDB81WsRZ/ahMWNJUI3f4DiuJudiXEN4aC6rfdZR3CYVzgsDK+jlsCYmdTTXcxy+Ufq6Jbo84vg==",
      "dev": true
    },
    "import-map-overrides": {
      "version": "1.16.0",
      "resolved": "https://registry.npmjs.org/import-map-overrides/-/import-map-overrides-1.16.0.tgz",
      "integrity": "sha512-PZYXunPmsXYmZfRl53YUl7cOV3Zkf7SCSIFRhNWXYC3YSzfT2WQesWVQLqQt0qAYav66B5Dcyn4LgbQWBYVtFw==",
      "dev": true
    },
    "single-spa": {
      "version": "5.5.5",
      "resolved": "https://registry.npmjs.org/single-spa/-/single-spa-5.5.5.tgz",
      "integrity": "sha512-10YHGwETkAT6k9dkOTClig2h/R6yA5qvLdvk6i7Z4/PK8A2iD/pVvYKIud0aZVA69OzO1lrQOHB4VgT4t8/kXw==",
      "dev": true
    },
    "systemjs": {
      "version": "6.4.0",
      "resolved": "https://registry.npmjs.org/systemjs/-/systemjs-6.4.0.tgz",
      "integrity": "sha512-s/nvcAXduGmThUXkNKBNh00dmOFwZIXv46qjj5gwLwN0RpHbPdmp65OE+A0QaNs4fO7tjn74Aw9S7ei88toFjA==",
      "dev": true
    },
    "tslib": {
      "version": "2.0.3",
      "resolved": "https://registry.npmjs.org/tslib/-/tslib-2.0.3.tgz",
      "integrity": "sha512-uZtkfKblCEQtZKBF6EBXVZeQNl82yqtDQdv+eck8u7tdPxjLu2/lp5/uPW+um2tpuxINHWy3GhiccY7QgEaVHQ==",
      "dev": true
    },
    "zone.js": {
      "version": "0.10.3",
      "resolved": "https://registry.npmjs.org/zone.js/-/zone.js-0.10.3.tgz",
      "integrity": "sha512-LXVLVEq0NNOqK/fLJo3d0kfzd4sxwn2/h67/02pjCjfKDxgx1i9QqpvtHD8CrBnSSwMw5+dy11O7FRX5mkO7Cg==",
      "dev": true
    }
  }
}
